# THIS IS AN AUTOGENERATED FILE. DO NOT EDIT THIS FILE DIRECTLY.
# yarn lockfile v1


braces@^3.0.2:
  version "3.0.2"
  resolved "https://registry.yarnpkg.com/braces/-/braces-3.0.2.tgz#3454e1a462ee8d599e236df336cd9ea4f8afe107"
  integrity sha512-b8um+L1RzM3WDSzvhm6gIz1yfTbBt6YTlcEKAvsmqCZZFw46z626lVj9j1yEPW33H5H+lBQpZMP1k8l+78Ha0A==
  dependencies:
    fill-range "^7.0.1"

eslint-plugin-check-file@^1.3.1:
  version "1.3.1"
  resolved "https://registry.yarnpkg.com/eslint-plugin-check-file/-/eslint-plugin-check-file-1.3.1.tgz#e17af559201751921b7aafc82c8b3b962d6bd7a0"
  integrity sha512-KdFTf+hzqCV4W496xT5rZYemZUY0To1Bzcaef75ugYBw+P2THAsiOrq5oLkngpTRNWJrJlfuKaXVMZiAwCPIjg==
  dependencies:
    is-glob "^4.0.3"
    micromatch "^4.0.4"
    requireindex "^1.2.0"

eslint-plugin-unused-imports@^2.0.0:
  version "2.0.0"
  resolved "https://registry.yarnpkg.com/eslint-plugin-unused-imports/-/eslint-plugin-unused-imports-2.0.0.tgz#d8db8c4d0cfa0637a8b51ce3fd7d1b6bc3f08520"
  integrity sha512-3APeS/tQlTrFa167ThtP0Zm0vctjr4M44HMpeg1P4bK6wItarumq0Ma82xorMKdFsWpphQBlRPzw/pxiVELX1A==
  dependencies:
    eslint-rule-composer "^0.3.0"

eslint-rule-composer@^0.3.0:
  version "0.3.0"
  resolved "https://registry.yarnpkg.com/eslint-rule-composer/-/eslint-rule-composer-0.3.0.tgz#79320c927b0c5c0d3d3d2b76c8b4a488f25bbaf9"
  integrity sha512-bt+Sh8CtDmn2OajxvNO+BX7Wn4CIWMpTRm3MaiKPCQcnnlm0CS2mhui6QaoeQugs+3Kj2ESKEEGJUdVafwhiCg==

fill-range@^7.0.1:
  version "7.0.1"
  resolved "https://registry.yarnpkg.com/fill-range/-/fill-range-7.0.1.tgz#1919a6a7c75fe38b2c7c77e5198535da9acdda40"
  integrity sha512-qOo9F+dMUmC2Lcb4BbVvnKJxTPjCm+RRpe4gDuGrzkL7mEVl/djYSu2OdQ2Pa302N4oqkSg9ir6jaLWJ2USVpQ==
  dependencies:
    to-regex-range "^5.0.1"

is-extglob@^2.1.1:
  version "2.1.1"
  resolved "https://registry.yarnpkg.com/is-extglob/-/is-extglob-2.1.1.tgz#a88c02535791f02ed37c76a1b9ea9773c833f8c2"
  integrity sha512-SbKbANkN603Vi4jEZv49LeVJMn4yGwsbzZworEoyEiutsN3nJYdbO36zfhGJ6QEDpOZIFkDtnq5JRxmvl3jsoQ==

is-glob@^4.0.3:
  version "4.0.3"
  resolved "https://registry.yarnpkg.com/is-glob/-/is-glob-4.0.3.tgz#64f61e42cbbb2eec2071a9dac0b28ba1e65d5084"
  integrity sha512-xelSayHH36ZgE7ZWhli7pW34hNbNl8Ojv5KVmkJD4hBdD3th8Tfk9vYasLM+mXWOZhFkgZfxhLSnrwRr4elSSg==
  dependencies:
    is-extglob "^2.1.1"

is-number@^7.0.0:
  version "7.0.0"
  resolved "https://registry.yarnpkg.com/is-number/-/is-number-7.0.0.tgz#7535345b896734d5f80c4d06c50955527a14f12b"
  integrity sha512-41Cifkg6e8TylSpdtTpeLVMqvSBEVzTttHvERD741+pnZ8ANv0004MRL43QKPDlK9cGvNp6NZWZUBlbGXYxxng==

micromatch@^4.0.4:
  version "4.0.5"
  resolved "https://registry.yarnpkg.com/micromatch/-/micromatch-4.0.5.tgz#bc8999a7cbbf77cdc89f132f6e467051b49090c6"
  integrity sha512-DMy+ERcEW2q8Z2Po+WNXuw3c5YaUSFjAO5GsJqfEl7UjvtIuFKO6ZrKvcItdy98dwFI2N1tg3zNIdKaQT+aNdA==
  dependencies:
    braces "^3.0.2"
    picomatch "^2.3.1"

picomatch@^2.3.1:
  version "2.3.1"
  resolved "https://registry.yarnpkg.com/picomatch/-/picomatch-2.3.1.tgz#3ba3833733646d9d3e4995946c1365a67fb07a42"
  integrity sha512-JU3teHTNjmE2VCGFzuY8EXzCDVwEqB2a8fsIvwaStHhAWJEeVd1o1QD80CU6+ZdEXXSLbSsuLwJjkCBWqRQUVA==

requireindex@^1.2.0:
  version "1.2.0"
  resolved "https://registry.yarnpkg.com/requireindex/-/requireindex-1.2.0.tgz#3463cdb22ee151902635aa6c9535d4de9c2ef1ef"
  integrity sha512-L9jEkOi3ASd9PYit2cwRfyppc9NoABujTP8/5gFcbERmo5jUoAKovIC3fsF17pkTnGsrByysqX+Kxd2OTNI1ww==

to-regex-range@^5.0.1:
  version "5.0.1"
  resolved "https://registry.yarnpkg.com/to-regex-range/-/to-regex-range-5.0.1.tgz#1648c44aae7c8d988a326018ed72f5b4dd0392e4"
  integrity sha512-65P7iz6X5yEr1cwcgvQxbbIw7Uk3gOy5dIdtZ4rDveLqhrdJP+Li/Hx6tyK0NEb+2GCyneCMJiGqrADCSNk8sQ==
  dependencies:
    is-number "^7.0.0"
